
Microsoft Visual Studio Solution File, Format Version 12.00
# Visual Studio Version 17
VisualStudioVersion = 17.12.35527.113
MinimumVisualStudioVersion = 10.0.40219.1
Project("{FAE04EC0-301F-11D3-BF4B-00C04F79EFBC}") = "StacksAndQueues", "StacksAndQueues\StacksAndQueues.csproj", "{E05D0C0F-046B-4BF9-8FB3-CD880D5D7462}"
EndProject
Project("{2150E333-8FDC-42A3-9474-1A3956D46DE8}") = "Solution Items", "Solution Items", "{32DECFCA-F25B-4C4D-861E-34E710034485}"
	ProjectSection(SolutionItems) = preProject
		.editorconfig = .editorconfig
	EndProjectSection
EndProject
Project("{FAE04EC0-301F-11D3-BF4B-00C04F79EFBC}") = "ArrayProblems", "ArrayProblems\ArrayProblems.csproj", "{3A5F8F5C-62F4-4718-ADBB-DFA0E967A4B0}"
EndProject
Project("{FAE04EC0-301F-11D3-BF4B-00C04F79EFBC}") = "LinkedListProblems", "LinkedListProblems\LinkedListProblems.csproj", "{564A8112-4844-43A7-BAC2-3260D4495A0C}"
EndProject
Project("{FAE04EC0-301F-11D3-BF4B-00C04F79EFBC}") = "Graphs", "Graphs\Graphs.csproj", "{4F90CB9C-2F1B-4289-8576-97BF8B70DE99}"
EndProject
Project("{FAE04EC0-301F-11D3-BF4B-00C04F79EFBC}") = "DsaUnitTests", "DsaUnitTests\DsaUnitTests.csproj", "{BE985100-97FD-45E4-8589-B3D34DB2F620}"
EndProject
Project("{FAE04EC0-301F-11D3-BF4B-00C04F79EFBC}") = "SortingAlgorithms", "SortingAlgorithms\SortingAlgorithms.csproj", "{A1F25FAB-141F-4BEC-A6F2-16CEE156579D}"
EndProject
Project("{FAE04EC0-301F-11D3-BF4B-00C04F79EFBC}") = "DynamicProgramming", "DynamicProgramming\DynamicProgramming.csproj", "{A46C2756-B2FC-45D5-AAAD-3D822EFC5E47}"
EndProject
Global
	GlobalSection(SolutionConfigurationPlatforms) = preSolution
		Debug|Any CPU = Debug|Any CPU
		Release|Any CPU = Release|Any CPU
	EndGlobalSection
	GlobalSection(ProjectConfigurationPlatforms) = postSolution
		{E05D0C0F-046B-4BF9-8FB3-CD880D5D7462}.Debug|Any CPU.ActiveCfg = Debug|Any CPU
		{E05D0C0F-046B-4BF9-8FB3-CD880D5D7462}.Debug|Any CPU.Build.0 = Debug|Any CPU
		{E05D0C0F-046B-4BF9-8FB3-CD880D5D7462}.Release|Any CPU.ActiveCfg = Release|Any CPU
		{E05D0C0F-046B-4BF9-8FB3-CD880D5D7462}.Release|Any CPU.Build.0 = Release|Any CPU
		{3A5F8F5C-62F4-4718-ADBB-DFA0E967A4B0}.Debug|Any CPU.ActiveCfg = Debug|Any CPU
		{3A5F8F5C-62F4-4718-ADBB-DFA0E967A4B0}.Debug|Any CPU.Build.0 = Debug|Any CPU
		{3A5F8F5C-62F4-4718-ADBB-DFA0E967A4B0}.Release|Any CPU.ActiveCfg = Release|Any CPU
		{3A5F8F5C-62F4-4718-ADBB-DFA0E967A4B0}.Release|Any CPU.Build.0 = Release|Any CPU
		{564A8112-4844-43A7-BAC2-3260D4495A0C}.Debug|Any CPU.ActiveCfg = Debug|Any CPU
		{564A8112-4844-43A7-BAC2-3260D4495A0C}.Debug|Any CPU.Build.0 = Debug|Any CPU
		{564A8112-4844-43A7-BAC2-3260D4495A0C}.Release|Any CPU.ActiveCfg = Release|Any CPU
		{564A8112-4844-43A7-BAC2-3260D4495A0C}.Release|Any CPU.Build.0 = Release|Any CPU
		{4F90CB9C-2F1B-4289-8576-97BF8B70DE99}.Debug|Any CPU.ActiveCfg = Debug|Any CPU
		{4F90CB9C-2F1B-4289-8576-97BF8B70DE99}.Debug|Any CPU.Build.0 = Debug|Any CPU
		{4F90CB9C-2F1B-4289-8576-97BF8B70DE99}.Release|Any CPU.ActiveCfg = Release|Any CPU
		{4F90CB9C-2F1B-4289-8576-97BF8B70DE99}.Release|Any CPU.Build.0 = Release|Any CPU
		{BE985100-97FD-45E4-8589-B3D34DB2F620}.Debug|Any CPU.ActiveCfg = Debug|Any CPU
		{BE985100-97FD-45E4-8589-B3D34DB2F620}.Debug|Any CPU.Build.0 = Debug|Any CPU
		{BE985100-97FD-45E4-8589-B3D34DB2F620}.Release|Any CPU.ActiveCfg = Release|Any CPU
		{BE985100-97FD-45E4-8589-B3D34DB2F620}.Release|Any CPU.Build.0 = Release|Any CPU
		{A1F25FAB-141F-4BEC-A6F2-16CEE156579D}.Debug|Any CPU.ActiveCfg = Debug|Any CPU
		{A1F25FAB-141F-4BEC-A6F2-16CEE156579D}.Debug|Any CPU.Build.0 = Debug|Any CPU
		{A1F25FAB-141F-4BEC-A6F2-16CEE156579D}.Release|Any CPU.ActiveCfg = Release|Any CPU
		{A1F25FAB-141F-4BEC-A6F2-16CEE156579D}.Release|Any CPU.Build.0 = Release|Any CPU
		{A46C2756-B2FC-45D5-AAAD-3D822EFC5E47}.Debug|Any CPU.ActiveCfg = Debug|Any CPU
		{A46C2756-B2FC-45D5-AAAD-3D822EFC5E47}.Debug|Any CPU.Build.0 = Debug|Any CPU
		{A46C2756-B2FC-45D5-AAAD-3D822EFC5E47}.Release|Any CPU.ActiveCfg = Release|Any CPU
		{A46C2756-B2FC-45D5-AAAD-3D822EFC5E47}.Release|Any CPU.Build.0 = Release|Any CPU
	EndGlobalSection
	GlobalSection(SolutionProperties) = preSolution
		HideSolutionNode = FALSE
	EndGlobalSection
	GlobalSection(ExtensibilityGlobals) = postSolution
		SolutionGuid = {5B448482-6382-4499-A03C-FF804F0F940A}
	EndGlobalSection
EndGlobal
